// !$*UTF8*$!
{
	archiveVersion = 1;
	classes = {
	};
	objectVersion = 51;
	objects = {

/* Begin PBXBuildFile section */
		2432F8AD88F3FDC1DEEB9BB7 /* Pods_Levchuk06.framework in Frameworks */ = {isa = PBXBuildFile; fileRef = F7B32DEF06E5CA4843C8AA98 /* Pods_Levchuk06.framework */; };
		6645E26863DF7CA3E6268BBD /* Pods_Levchuk06Tests.framework in Frameworks */ = {isa = PBXBuildFile; fileRef = 0710952D54EDED8C05668285 /* Pods_Levchuk06Tests.framework */; };
		8402C85425581A7F0027E088 /* AppDelegate.swift in Sources */ = {isa = PBXBuildFile; fileRef = 8402C85325581A7F0027E088 /* AppDelegate.swift */; };
		8402C85625581A7F0027E088 /* SceneDelegate.swift in Sources */ = {isa = PBXBuildFile; fileRef = 8402C85525581A7F0027E088 /* SceneDelegate.swift */; };
		8402C85825581A7F0027E088 /* ViewController.swift in Sources */ = {isa = PBXBuildFile; fileRef = 8402C85725581A7F0027E088 /* ViewController.swift */; };
		8402C85B25581A7F0027E088 /* Main.storyboard in Resources */ = {isa = PBXBuildFile; fileRef = 8402C85925581A7F0027E088 /* Main.storyboard */; };
		8402C85D25581A8F0027E088 /* Assets.xcassets in Resources */ = {isa = PBXBuildFile; fileRef = 8402C85C25581A8F0027E088 /* Assets.xcassets */; };
		8402C86025581A8F0027E088 /* LaunchScreen.storyboard in Resources */ = {isa = PBXBuildFile; fileRef = 8402C85E25581A8F0027E088 /* LaunchScreen.storyboard */; };
		8402C86B25581A8F0027E088 /* Levchuk06Tests.swift in Sources */ = {isa = PBXBuildFile; fileRef = 8402C86A25581A8F0027E088 /* Levchuk06Tests.swift */; };
		8402C87625581A8F0027E088 /* Levchuk06UITests.swift in Sources */ = {isa = PBXBuildFile; fileRef = 8402C87525581A8F0027E088 /* Levchuk06UITests.swift */; };
		8402C89025583CA10027E088 /* HTTPRequester.swift in Sources */ = {isa = PBXBuildFile; fileRef = 8402C88F25583CA10027E088 /* HTTPRequester.swift */; };
		8402C89525583CCC0027E088 /* APIFormat.swift in Sources */ = {isa = PBXBuildFile; fileRef = 8402C89425583CCC0027E088 /* APIFormat.swift */; };
		8402C89A25583D430027E088 /* HTTPServer.swift in Sources */ = {isa = PBXBuildFile; fileRef = 8402C89925583D430027E088 /* HTTPServer.swift */; };
		8402C89F25583FC70027E088 /* PersistanceManager.swift in Sources */ = {isa = PBXBuildFile; fileRef = 8402C89E25583FC70027E088 /* PersistanceManager.swift */; };
		8402C8A425583FEA0027E088 /* Repository.swift in Sources */ = {isa = PBXBuildFile; fileRef = 8402C8A325583FEA0027E088 /* Repository.swift */; };
		8402C8A92558401B0027E088 /* UseCase.swift in Sources */ = {isa = PBXBuildFile; fileRef = 8402C8A82558401B0027E088 /* UseCase.swift */; };
		843D0756256190B3004F68F8 /* PostTableViewCell.swift in Sources */ = {isa = PBXBuildFile; fileRef = 843D0755256190B3004F68F8 /* PostTableViewCell.swift */; };
		8474A99A25617D0A00FAB776 /* PostTable.storyboard in Resources */ = {isa = PBXBuildFile; fileRef = 8474A99925617D0A00FAB776 /* PostTable.storyboard */; };
		8474A99F2561801000FAB776 /* PostTableViewController.swift in Sources */ = {isa = PBXBuildFile; fileRef = 8474A99E2561801000FAB776 /* PostTableViewController.swift */; };
		E4EA4AFF0C510FFAA213C712 /* Pods_Levchuk06_Levchuk06UITests.framework in Frameworks */ = {isa = PBXBuildFile; fileRef = 8B422B1DCBDC8E24AA6C4DCE /* Pods_Levchuk06_Levchuk06UITests.framework */; };
/* End PBXBuildFile section */

/* Begin PBXContainerItemProxy section */
		8402C86725581A8F0027E088 /* PBXContainerItemProxy */ = {
			isa = PBXContainerItemProxy;
			containerPortal = 8402C84825581A7F0027E088 /* Project object */;
			proxyType = 1;
			remoteGlobalIDString = 8402C84F25581A7F0027E088;
			remoteInfo = Levchuk06;
		};
		8402C87225581A8F0027E088 /* PBXContainerItemProxy */ = {
			isa = PBXContainerItemProxy;
			containerPortal = 8402C84825581A7F0027E088 /* Project object */;
			proxyType = 1;
			remoteGlobalIDString = 8402C84F25581A7F0027E088;
			remoteInfo = Levchuk06;
		};
/* End PBXContainerItemProxy section */

/* Begin PBXFileReference section */
		0710952D54EDED8C05668285 /* Pods_Levchuk06Tests.framework */ = {isa = PBXFileReference; explicitFileType = wrapper.framework; includeInIndex = 0; path = Pods_Levchuk06Tests.framework; sourceTree = BUILT_PRODUCTS_DIR; };
		128BBB241AFAD2A6F58D58F6 /* Pods-Levchuk06-Levchuk06UITests.release.xcconfig */ = {isa = PBXFileReference; includeInIndex = 1; lastKnownFileType = text.xcconfig; name = "Pods-Levchuk06-Levchuk06UITests.release.xcconfig"; path = "Target Support Files/Pods-Levchuk06-Levchuk06UITests/Pods-Levchuk06-Levchuk06UITests.release.xcconfig"; sourceTree = "<group>"; };
		2B6389ABE8F95EFAF4D26029 /* Pods-Levchuk06Tests.release.xcconfig */ = {isa = PBXFileReference; includeInIndex = 1; lastKnownFileType = text.xcconfig; name = "Pods-Levchuk06Tests.release.xcconfig"; path = "Target Support Files/Pods-Levchuk06Tests/Pods-Levchuk06Tests.release.xcconfig"; sourceTree = "<group>"; };
		7FEF9705EB22E81392AC3CB1 /* Pods-Levchuk06-Levchuk06UITests.debug.xcconfig */ = {isa = PBXFileReference; includeInIndex = 1; lastKnownFileType = text.xcconfig; name = "Pods-Levchuk06-Levchuk06UITests.debug.xcconfig"; path = "Target Support Files/Pods-Levchuk06-Levchuk06UITests/Pods-Levchuk06-Levchuk06UITests.debug.xcconfig"; sourceTree = "<group>"; };
		8402C85025581A7F0027E088 /* Levchuk06.app */ = {isa = PBXFileReference; explicitFileType = wrapper.application; includeInIndex = 0; path = Levchuk06.app; sourceTree = BUILT_PRODUCTS_DIR; };
		8402C85325581A7F0027E088 /* AppDelegate.swift */ = {isa = PBXFileReference; lastKnownFileType = sourcecode.swift; path = AppDelegate.swift; sourceTree = "<group>"; };
		8402C85525581A7F0027E088 /* SceneDelegate.swift */ = {isa = PBXFileReference; lastKnownFileType = sourcecode.swift; path = SceneDelegate.swift; sourceTree = "<group>"; };
		8402C85725581A7F0027E088 /* ViewController.swift */ = {isa = PBXFileReference; lastKnownFileType = sourcecode.swift; path = ViewController.swift; sourceTree = "<group>"; };
		8402C85A25581A7F0027E088 /* Base */ = {isa = PBXFileReference; lastKnownFileType = file.storyboard; name = Base; path = Base.lproj/Main.storyboard; sourceTree = "<group>"; };
		8402C85C25581A8F0027E088 /* Assets.xcassets */ = {isa = PBXFileReference; lastKnownFileType = folder.assetcatalog; path = Assets.xcassets; sourceTree = "<group>"; };
		8402C85F25581A8F0027E088 /* Base */ = {isa = PBXFileReference; lastKnownFileType = file.storyboard; name = Base; path = Base.lproj/LaunchScreen.storyboard; sourceTree = "<group>"; };
		8402C86125581A8F0027E088 /* Info.plist */ = {isa = PBXFileReference; lastKnownFileType = text.plist.xml; path = Info.plist; sourceTree = "<group>"; };
		8402C86625581A8F0027E088 /* Levchuk06Tests.xctest */ = {isa = PBXFileReference; explicitFileType = wrapper.cfbundle; includeInIndex = 0; path = Levchuk06Tests.xctest; sourceTree = BUILT_PRODUCTS_DIR; };
		8402C86A25581A8F0027E088 /* Levchuk06Tests.swift */ = {isa = PBXFileReference; lastKnownFileType = sourcecode.swift; path = Levchuk06Tests.swift; sourceTree = "<group>"; };
		8402C86C25581A8F0027E088 /* Info.plist */ = {isa = PBXFileReference; lastKnownFileType = text.plist.xml; path = Info.plist; sourceTree = "<group>"; };
		8402C87125581A8F0027E088 /* Levchuk06UITests.xctest */ = {isa = PBXFileReference; explicitFileType = wrapper.cfbundle; includeInIndex = 0; path = Levchuk06UITests.xctest; sourceTree = BUILT_PRODUCTS_DIR; };
		8402C87525581A8F0027E088 /* Levchuk06UITests.swift */ = {isa = PBXFileReference; lastKnownFileType = sourcecode.swift; path = Levchuk06UITests.swift; sourceTree = "<group>"; };
		8402C87725581A8F0027E088 /* Info.plist */ = {isa = PBXFileReference; lastKnownFileType = text.plist.xml; path = Info.plist; sourceTree = "<group>"; };
		8402C88F25583CA10027E088 /* HTTPRequester.swift */ = {isa = PBXFileReference; lastKnownFileType = sourcecode.swift; path = HTTPRequester.swift; sourceTree = "<group>"; };
		8402C89425583CCC0027E088 /* APIFormat.swift */ = {isa = PBXFileReference; lastKnownFileType = sourcecode.swift; path = APIFormat.swift; sourceTree = "<group>"; };
		8402C89925583D430027E088 /* HTTPServer.swift */ = {isa = PBXFileReference; lastKnownFileType = sourcecode.swift; path = HTTPServer.swift; sourceTree = "<group>"; };
		8402C89E25583FC70027E088 /* PersistanceManager.swift */ = {isa = PBXFileReference; lastKnownFileType = sourcecode.swift; path = PersistanceManager.swift; sourceTree = "<group>"; };
		8402C8A325583FEA0027E088 /* Repository.swift */ = {isa = PBXFileReference; lastKnownFileType = sourcecode.swift; path = Repository.swift; sourceTree = "<group>"; };
		8402C8A82558401B0027E088 /* UseCase.swift */ = {isa = PBXFileReference; lastKnownFileType = sourcecode.swift; path = UseCase.swift; sourceTree = "<group>"; };
		843D0755256190B3004F68F8 /* PostTableViewCell.swift */ = {isa = PBXFileReference; lastKnownFileType = sourcecode.swift; path = PostTableViewCell.swift; sourceTree = "<group>"; };
		8474A99925617D0A00FAB776 /* PostTable.storyboard */ = {isa = PBXFileReference; lastKnownFileType = file.storyboard; path = PostTable.storyboard; sourceTree = "<group>"; };
		8474A99E2561801000FAB776 /* PostTableViewController.swift */ = {isa = PBXFileReference; lastKnownFileType = sourcecode.swift; path = PostTableViewController.swift; sourceTree = "<group>"; };
		8B422B1DCBDC8E24AA6C4DCE /* Pods_Levchuk06_Levchuk06UITests.framework */ = {isa = PBXFileReference; explicitFileType = wrapper.framework; includeInIndex = 0; path = Pods_Levchuk06_Levchuk06UITests.framework; sourceTree = BUILT_PRODUCTS_DIR; };
		A4E7B17F63E824693E48BBDD /* Pods-Levchuk06.release.xcconfig */ = {isa = PBXFileReference; includeInIndex = 1; lastKnownFileType = text.xcconfig; name = "Pods-Levchuk06.release.xcconfig"; path = "Target Support Files/Pods-Levchuk06/Pods-Levchuk06.release.xcconfig"; sourceTree = "<group>"; };
		A9F284C021E9B2D4AFBCC9BE /* Pods-Levchuk06.debug.xcconfig */ = {isa = PBXFileReference; includeInIndex = 1; lastKnownFileType = text.xcconfig; name = "Pods-Levchuk06.debug.xcconfig"; path = "Target Support Files/Pods-Levchuk06/Pods-Levchuk06.debug.xcconfig"; sourceTree = "<group>"; };
		C7D38C1E14120139DB15D407 /* Pods-Levchuk06Tests.debug.xcconfig */ = {isa = PBXFileReference; includeInIndex = 1; lastKnownFileType = text.xcconfig; name = "Pods-Levchuk06Tests.debug.xcconfig"; path = "Target Support Files/Pods-Levchuk06Tests/Pods-Levchuk06Tests.debug.xcconfig"; sourceTree = "<group>"; };
		F7B32DEF06E5CA4843C8AA98 /* Pods_Levchuk06.framework */ = {isa = PBXFileReference; explicitFileType = wrapper.framework; includeInIndex = 0; path = Pods_Levchuk06.framework; sourceTree = BUILT_PRODUCTS_DIR; };
/* End PBXFileReference section */

/* Begin PBXFrameworksBuildPhase section */
		8402C84D25581A7F0027E088 /* Frameworks */ = {
			isa = PBXFrameworksBuildPhase;
			buildActionMask = 2147483647;
			files = (
				2432F8AD88F3FDC1DEEB9BB7 /* Pods_Levchuk06.framework in Frameworks */,
			);
			runOnlyForDeploymentPostprocessing = 0;
		};
		8402C86325581A8F0027E088 /* Frameworks */ = {
			isa = PBXFrameworksBuildPhase;
			buildActionMask = 2147483647;
			files = (
				6645E26863DF7CA3E6268BBD /* Pods_Levchuk06Tests.framework in Frameworks */,
			);
			runOnlyForDeploymentPostprocessing = 0;
		};
		8402C86E25581A8F0027E088 /* Frameworks */ = {
			isa = PBXFrameworksBuildPhase;
			buildActionMask = 2147483647;
			files = (
				E4EA4AFF0C510FFAA213C712 /* Pods_Levchuk06_Levchuk06UITests.framework in Frameworks */,
			);
			runOnlyForDeploymentPostprocessing = 0;
		};
/* End PBXFrameworksBuildPhase section */

/* Begin PBXGroup section */
		163119177E2E0E7ABAB4E354 /* Pods */ = {
			isa = PBXGroup;
			children = (
				A9F284C021E9B2D4AFBCC9BE /* Pods-Levchuk06.debug.xcconfig */,
				A4E7B17F63E824693E48BBDD /* Pods-Levchuk06.release.xcconfig */,
				7FEF9705EB22E81392AC3CB1 /* Pods-Levchuk06-Levchuk06UITests.debug.xcconfig */,
				128BBB241AFAD2A6F58D58F6 /* Pods-Levchuk06-Levchuk06UITests.release.xcconfig */,
				C7D38C1E14120139DB15D407 /* Pods-Levchuk06Tests.debug.xcconfig */,
				2B6389ABE8F95EFAF4D26029 /* Pods-Levchuk06Tests.release.xcconfig */,
			);
			path = Pods;
			sourceTree = "<group>";
		};
		3A0C6BD656AF45430660D4F0 /* Frameworks */ = {
			isa = PBXGroup;
			children = (
				F7B32DEF06E5CA4843C8AA98 /* Pods_Levchuk06.framework */,
				8B422B1DCBDC8E24AA6C4DCE /* Pods_Levchuk06_Levchuk06UITests.framework */,
				0710952D54EDED8C05668285 /* Pods_Levchuk06Tests.framework */,
			);
			name = Frameworks;
			sourceTree = "<group>";
		};
		8402C84725581A7F0027E088 = {
			isa = PBXGroup;
			children = (
				8402C85225581A7F0027E088 /* Levchuk06 */,
				8402C86925581A8F0027E088 /* Levchuk06Tests */,
				8402C87425581A8F0027E088 /* Levchuk06UITests */,
				8402C85125581A7F0027E088 /* Products */,
				163119177E2E0E7ABAB4E354 /* Pods */,
				3A0C6BD656AF45430660D4F0 /* Frameworks */,
			);
			sourceTree = "<group>";
		};
		8402C85125581A7F0027E088 /* Products */ = {
			isa = PBXGroup;
			children = (
				8402C85025581A7F0027E088 /* Levchuk06.app */,
				8402C86625581A8F0027E088 /* Levchuk06Tests.xctest */,
				8402C87125581A8F0027E088 /* Levchuk06UITests.xctest */,
			);
			name = Products;
			sourceTree = "<group>";
		};
		8402C85225581A7F0027E088 /* Levchuk06 */ = {
			isa = PBXGroup;
			children = (
				8402C88E25583B780027E088 /* Presentation */,
				8402C88D25583B700027E088 /* Domain */,
				8402C88C25583B690027E088 /* Data */,
				8402C85325581A7F0027E088 /* AppDelegate.swift */,
				8402C85525581A7F0027E088 /* SceneDelegate.swift */,
				8402C85725581A7F0027E088 /* ViewController.swift */,
				8402C85925581A7F0027E088 /* Main.storyboard */,
				8402C85C25581A8F0027E088 /* Assets.xcassets */,
				8402C85E25581A8F0027E088 /* LaunchScreen.storyboard */,
				8402C86125581A8F0027E088 /* Info.plist */,
				8474A99E2561801000FAB776 /* PostTableViewController.swift */,
				843D0755256190B3004F68F8 /* PostTableViewCell.swift */,
			);
			path = Levchuk06;
			sourceTree = "<group>";
		};
		8402C86925581A8F0027E088 /* Levchuk06Tests */ = {
			isa = PBXGroup;
			children = (
				8402C86A25581A8F0027E088 /* Levchuk06Tests.swift */,
				8402C86C25581A8F0027E088 /* Info.plist */,
			);
			path = Levchuk06Tests;
			sourceTree = "<group>";
		};
		8402C87425581A8F0027E088 /* Levchuk06UITests */ = {
			isa = PBXGroup;
			children = (
				8402C87525581A8F0027E088 /* Levchuk06UITests.swift */,
				8402C87725581A8F0027E088 /* Info.plist */,
			);
			path = Levchuk06UITests;
			sourceTree = "<group>";
		};
		8402C88C25583B690027E088 /* Data */ = {
			isa = PBXGroup;
			children = (
				8402C88F25583CA10027E088 /* HTTPRequester.swift */,
				8402C89425583CCC0027E088 /* APIFormat.swift */,
				8402C89925583D430027E088 /* HTTPServer.swift */,
				8402C89E25583FC70027E088 /* PersistanceManager.swift */,
				8402C8A325583FEA0027E088 /* Repository.swift */,
			);
			path = Data;
			sourceTree = "<group>";
		};
		8402C88D25583B700027E088 /* Domain */ = {
			isa = PBXGroup;
			children = (
				8402C8A82558401B0027E088 /* UseCase.swift */,
			);
			path = Domain;
			sourceTree = "<group>";
		};
		8402C88E25583B780027E088 /* Presentation */ = {
			isa = PBXGroup;
			children = (
				8474A99925617D0A00FAB776 /* PostTable.storyboard */,
			);
			path = Presentation;
			sourceTree = "<group>";
		};
/* End PBXGroup section */

/* Begin PBXNativeTarget section */
		8402C84F25581A7F0027E088 /* Levchuk06 */ = {
			isa = PBXNativeTarget;
			buildConfigurationList = 8402C87A25581A8F0027E088 /* Build configuration list for PBXNativeTarget "Levchuk06" */;
			buildPhases = (
				F39EFFF49A90217E4DC60E43 /* [CP] Check Pods Manifest.lock */,
				8402C84C25581A7F0027E088 /* Sources */,
				8402C84D25581A7F0027E088 /* Frameworks */,
				8402C84E25581A7F0027E088 /* Resources */,
				D088B5A7CB537D5B597B55C7 /* [CP] Embed Pods Frameworks */,
			);
			buildRules = (
			);
			dependencies = (
			);
			name = Levchuk06;
			productName = Levchuk06;
			productReference = 8402C85025581A7F0027E088 /* Levchuk06.app */;
			productType = "com.apple.product-type.application";
		};
		8402C86525581A8F0027E088 /* Levchuk06Tests */ = {
			isa = PBXNativeTarget;
			buildConfigurationList = 8402C87D25581A8F0027E088 /* Build configuration list for PBXNativeTarget "Levchuk06Tests" */;
			buildPhases = (
				B14D51871AEA4EF876044F4A /* [CP] Check Pods Manifest.lock */,
				8402C86225581A8F0027E088 /* Sources */,
				8402C86325581A8F0027E088 /* Frameworks */,
				8402C86425581A8F0027E088 /* Resources */,
			);
			buildRules = (
			);
			dependencies = (
				8402C86825581A8F0027E088 /* PBXTargetDependency */,
			);
			name = Levchuk06Tests;
			productName = Levchuk06Tests;
			productReference = 8402C86625581A8F0027E088 /* Levchuk06Tests.xctest */;
			productType = "com.apple.product-type.bundle.unit-test";
		};
		8402C87025581A8F0027E088 /* Levchuk06UITests */ = {
			isa = PBXNativeTarget;
			buildConfigurationList = 8402C88025581A8F0027E088 /* Build configuration list for PBXNativeTarget "Levchuk06UITests" */;
			buildPhases = (
				4755F917A1C84FE5AB25A826 /* [CP] Check Pods Manifest.lock */,
				8402C86D25581A8F0027E088 /* Sources */,
				8402C86E25581A8F0027E088 /* Frameworks */,
				8402C86F25581A8F0027E088 /* Resources */,
				40336E29E398A1AB361DF0DD /* [CP] Embed Pods Frameworks */,
			);
			buildRules = (
			);
			dependencies = (
				8402C87325581A8F0027E088 /* PBXTargetDependency */,
			);
			name = Levchuk06UITests;
			productName = Levchuk06UITests;
			productReference = 8402C87125581A8F0027E088 /* Levchuk06UITests.xctest */;
			productType = "com.apple.product-type.bundle.ui-testing";
		};
/* End PBXNativeTarget section */

/* Begin PBXProject section */
		8402C84825581A7F0027E088 /* Project object */ = {
			isa = PBXProject;
			attributes = {
				LastSwiftUpdateCheck = 1210;
				LastUpgradeCheck = 1210;
				TargetAttributes = {
					8402C84F25581A7F0027E088 = {
						CreatedOnToolsVersion = 12.1;
					};
					8402C86525581A8F0027E088 = {
						CreatedOnToolsVersion = 12.1;
						TestTargetID = 8402C84F25581A7F0027E088;
					};
					8402C87025581A8F0027E088 = {
						CreatedOnToolsVersion = 12.1;
						TestTargetID = 8402C84F25581A7F0027E088;
					};
				};
			};
			buildConfigurationList = 8402C84B25581A7F0027E088 /* Build configuration list for PBXProject "Levchuk06" */;
			compatibilityVersion = "Xcode 9.3";
			developmentRegion = en;
			hasScannedForEncodings = 0;
			knownRegions = (
				en,
				Base,
			);
			mainGroup = 8402C84725581A7F0027E088;
			productRefGroup = 8402C85125581A7F0027E088 /* Products */;
			projectDirPath = "";
			projectRoot = "";
			targets = (
				8402C84F25581A7F0027E088 /* Levchuk06 */,
				8402C86525581A8F0027E088 /* Levchuk06Tests */,
				8402C87025581A8F0027E088 /* Levchuk06UITests */,
			);
		};
/* End PBXProject section */

/* Begin PBXResourcesBuildPhase section */
		8402C84E25581A7F0027E088 /* Resources */ = {
			isa = PBXResourcesBuildPhase;
			buildActionMask = 2147483647;
			files = (
				8402C86025581A8F0027E088 /* LaunchScreen.storyboard in Resources */,
				8474A99A25617D0A00FAB776 /* PostTable.storyboard in Resources */,
				8402C85D25581A8F0027E088 /* Assets.xcassets in Resources */,
				8402C85B25581A7F0027E088 /* Main.storyboard in Resources */,
			);
			runOnlyForDeploymentPostprocessing = 0;
		};
		8402C86425581A8F0027E088 /* Resources */ = {
			isa = PBXResourcesBuildPhase;
			buildActionMask = 2147483647;
			files = (
			);
			runOnlyForDeploymentPostprocessing = 0;
		};
		8402C86F25581A8F0027E088 /* Resources */ = {
			isa = PBXResourcesBuildPhase;
			buildActionMask = 2147483647;
			files = (
			);
			runOnlyForDeploymentPostprocessing = 0;
		};
/* End PBXResourcesBuildPhase section */

/* Begin PBXShellScriptBuildPhase section */
		40336E29E398A1AB361DF0DD /* [CP] Embed Pods Frameworks */ = {
			isa = PBXShellScriptBuildPhase;
			buildActionMask = 2147483647;
			files = (
			);
			inputFileListPaths = (
				"${PODS_ROOT}/Target Support Files/Pods-Levchuk06-Levchuk06UITests/Pods-Levchuk06-Levchuk06UITests-frameworks-${CONFIGURATION}-input-files.xcfilelist",
			);
			name = "[CP] Embed Pods Frameworks";
			outputFileListPaths = (
				"${PODS_ROOT}/Target Support Files/Pods-Levchuk06-Levchuk06UITests/Pods-Levchuk06-Levchuk06UITests-frameworks-${CONFIGURATION}-output-files.xcfilelist",
			);
			runOnlyForDeploymentPostprocessing = 0;
			shellPath = /bin/sh;
			shellScript = "\"${PODS_ROOT}/Target Support Files/Pods-Levchuk06-Levchuk06UITests/Pods-Levchuk06-Levchuk06UITests-frameworks.sh\"\n";
			showEnvVarsInLog = 0;
		};
		4755F917A1C84FE5AB25A826 /* [CP] Check Pods Manifest.lock */ = {
			isa = PBXShellScriptBuildPhase;
			buildActionMask = 2147483647;
			files = (
			);
			inputFileListPaths = (
			);
			inputPaths = (
				"${PODS_PODFILE_DIR_PATH}/Podfile.lock",
				"${PODS_ROOT}/Manifest.lock",
			);
			name = "[CP] Check Pods Manifest.lock";
			outputFileListPaths = (
			);
			outputPaths = (
				"$(DERIVED_FILE_DIR)/Pods-Levchuk06-Levchuk06UITests-checkManifestLockResult.txt",
			);
			runOnlyForDeploymentPostprocessing = 0;
			shellPath = /bin/sh;
			shellScript = "diff \"${PODS_PODFILE_DIR_PATH}/Podfile.lock\" \"${PODS_ROOT}/Manifest.lock\" > /dev/null\nif [ $? != 0 ] ; then\n    # print error to STDERR\n    echo \"error: The sandbox is not in sync with the Podfile.lock. Run 'pod install' or update your CocoaPods installation.\" >&2\n    exit 1\nfi\n# This output is used by Xcode 'outputs' to avoid re-running this script phase.\necho \"SUCCESS\" > \"${SCRIPT_OUTPUT_FILE_0}\"\n";
			showEnvVarsInLog = 0;
		};
		B14D51871AEA4EF876044F4A /* [CP] Check Pods Manifest.lock */ = {
			isa = PBXShellScriptBuildPhase;
			buildActionMask = 2147483647;
			files = (
			);
			inputFileListPaths = (
			);
			inputPaths = (
				"${PODS_PODFILE_DIR_PATH}/Podfile.lock",
				"${PODS_ROOT}/Manifest.lock",
			);
			name = "[CP] Check Pods Manifest.lock";
			outputFileListPaths = (
			);
			outputPaths = (
				"$(DERIVED_FILE_DIR)/Pods-Levchuk06Tests-checkManifestLockResult.txt",
			);
			runOnlyForDeploymentPostprocessing = 0;
			shellPath = /bin/sh;
			shellScript = "diff \"${PODS_PODFILE_DIR_PATH}/Podfile.lock\" \"${PODS_ROOT}/Manifest.lock\" > /dev/null\nif [ $? != 0 ] ; then\n    # print error to STDERR\n    echo \"error: The sandbox is not in sync with the Podfile.lock. Run 'pod install' or update your CocoaPods installation.\" >&2\n    exit 1\nfi\n# This output is used by Xcode 'outputs' to avoid re-running this script phase.\necho \"SUCCESS\" > \"${SCRIPT_OUTPUT_FILE_0}\"\n";
			showEnvVarsInLog = 0;
		};
		D088B5A7CB537D5B597B55C7 /* [CP] Embed Pods Frameworks */ = {
			isa = PBXShellScriptBuildPhase;
			buildActionMask = 2147483647;
			files = (
			);
			inputFileListPaths = (
				"${PODS_ROOT}/Target Support Files/Pods-Levchuk06/Pods-Levchuk06-frameworks-${CONFIGURATION}-input-files.xcfilelist",
			);
			name = "[CP] Embed Pods Frameworks";
			outputFileListPaths = (
				"${PODS_ROOT}/Target Support Files/Pods-Levchuk06/Pods-Levchuk06-frameworks-${CONFIGURATION}-output-files.xcfilelist",
			);
			runOnlyForDeploymentPostprocessing = 0;
			shellPath = /bin/sh;
			shellScript = "\"${PODS_ROOT}/Target Support Files/Pods-Levchuk06/Pods-Levchuk06-frameworks.sh\"\n";
			showEnvVarsInLog = 0;
		};
		F39EFFF49A90217E4DC60E43 /* [CP] Check Pods Manifest.lock */ = {
			isa = PBXShellScriptBuildPhase;
			buildActionMask = 2147483647;
			files = (
			);
			inputFileListPaths = (
			);
			inputPaths = (
				"${PODS_PODFILE_DIR_PATH}/Podfile.lock",
				"${PODS_ROOT}/Manifest.lock",
			);
			name = "[CP] Check Pods Manifest.lock";
			outputFileListPaths = (
			);
			outputPaths = (
				"$(DERIVED_FILE_DIR)/Pods-Levchuk06-checkManifestLockResult.txt",
			);
			runOnlyForDeploymentPostprocessing = 0;
			shellPath = /bin/sh;
			shellScript = "diff \"${PODS_PODFILE_DIR_PATH}/Podfile.lock\" \"${PODS_ROOT}/Manifest.lock\" > /dev/null\nif [ $? != 0 ] ; then\n    # print error to STDERR\n    echo \"error: The sandbox is not in sync with the Podfile.lock. Run 'pod install' or update your CocoaPods installation.\" >&2\n    exit 1\nfi\n# This output is used by Xcode 'outputs' to avoid re-running this script phase.\necho \"SUCCESS\" > \"${SCRIPT_OUTPUT_FILE_0}\"\n";
			showEnvVarsInLog = 0;
		};
/* End PBXShellScriptBuildPhase section */

/* Begin PBXSourcesBuildPhase section */
		8402C84C25581A7F0027E088 /* Sources */ = {
			isa = PBXSourcesBuildPhase;
			buildActionMask = 2147483647;
			files = (
				843D0756256190B3004F68F8 /* PostTableViewCell.swift in Sources */,
				8402C89525583CCC0027E088 /* APIFormat.swift in Sources */,
				8402C85825581A7F0027E088 /* ViewController.swift in Sources */,
				8402C89A25583D430027E088 /* HTTPServer.swift in Sources */,
				8402C8A425583FEA0027E088 /* Repository.swift in Sources */,
				8402C85425581A7F0027E088 /* AppDelegate.swift in Sources */,
				8474A99F2561801000FAB776 /* PostTableViewController.swift in Sources */,
				8402C89025583CA10027E088 /* HTTPRequester.swift in Sources */,
				8402C8A92558401B0027E088 /* UseCase.swift in Sources */,
				8402C85625581A7F0027E088 /* SceneDelegate.swift in Sources */,
				8402C89F25583FC70027E088 /* PersistanceManager.swift in Sources */,
			);
			runOnlyForDeploymentPostprocessing = 0;
		};
		8402C86225581A8F0027E088 /* Sources */ = {
			isa = PBXSourcesBuildPhase;
			buildActionMask = 2147483647;
			files = (
				8402C86B25581A8F0027E088 /* Levchuk06Tests.swift in Sources */,
			);
			runOnlyForDeploymentPostprocessing = 0;
		};
		8402C86D25581A8F0027E088 /* Sources */ = {
			isa = PBXSourcesBuildPhase;
			buildActionMask = 2147483647;
			files = (
				8402C87625581A8F0027E088 /* Levchuk06UITests.swift in Sources */,
			);
			runOnlyForDeploymentPostprocessing = 0;
		};
/* End PBXSourcesBuildPhase section */

/* Begin PBXTargetDependency section */
		8402C86825581A8F0027E088 /* PBXTargetDependency */ = {
			isa = PBXTargetDependency;
			target = 8402C84F25581A7F0027E088 /* Levchuk06 */;
			targetProxy = 8402C86725581A8F0027E088 /* PBXContainerItemProxy */;
		};
		8402C87325581A8F0027E088 /* PBXTargetDependency */ = {
			isa = PBXTargetDependency;
			target = 8402C84F25581A7F0027E088 /* Levchuk06 */;
			targetProxy = 8402C87225581A8F0027E088 /* PBXContainerItemProxy */;
		};
/* End PBXTargetDependency section */

/* Begin PBXVariantGroup section */
		8402C85925581A7F0027E088 /* Main.storyboard */ = {
			isa = PBXVariantGroup;
			children = (
				8402C85A25581A7F0027E088 /* Base */,
			);
			name = Main.storyboard;
			sourceTree = "<group>";
		};
		8402C85E25581A8F0027E088 /* LaunchScreen.storyboard */ = {
			isa = PBXVariantGroup;
			children = (
				8402C85F25581A8F0027E088 /* Base */,
			);
			name = LaunchScreen.storyboard;
			sourceTree = "<group>";
		};
/* End PBXVariantGroup section */

/* Begin XCBuildConfiguration section */
		8402C87825581A8F0027E088 /* Debug */ = {
			isa = XCBuildConfiguration;
			buildSettings = {
				ALWAYS_SEARCH_USER_PATHS = NO;
				CLANG_ANALYZER_NONNULL = YES;
				CLANG_ANALYZER_NUMBER_OBJECT_CONVERSION = YES_AGGRESSIVE;
				CLANG_CXX_LANGUAGE_STANDARD = "gnu++14";
				CLANG_CXX_LIBRARY = "libc++";
				CLANG_ENABLE_MODULES = YES;
				CLANG_ENABLE_OBJC_ARC = YES;
				CLANG_ENABLE_OBJC_WEAK = YES;
				CLANG_WARN_BLOCK_CAPTURE_AUTORELEASING = YES;
				CLANG_WARN_BOOL_CONVERSION = YES;
				CLANG_WARN_COMMA = YES;
				CLANG_WARN_CONSTANT_CONVERSION = YES;
				CLANG_WARN_DEPRECATED_OBJC_IMPLEMENTATIONS = YES;
				CLANG_WARN_DIRECT_OBJC_ISA_USAGE = YES_ERROR;
				CLANG_WARN_DOCUMENTATION_COMMENTS = YES;
				CLANG_WARN_EMPTY_BODY = YES;
				CLANG_WARN_ENUM_CONVERSION = YES;
				CLANG_WARN_INFINITE_RECURSION = YES;
				CLANG_WARN_INT_CONVERSION = YES;
				CLANG_WARN_NON_LITERAL_NULL_CONVERSION = YES;
				CLANG_WARN_OBJC_IMPLICIT_RETAIN_SELF = YES;
				CLANG_WARN_OBJC_LITERAL_CONVERSION = YES;
				CLANG_WARN_OBJC_ROOT_CLASS = YES_ERROR;
				CLANG_WARN_QUOTED_INCLUDE_IN_FRAMEWORK_HEADER = YES;
				CLANG_WARN_RANGE_LOOP_ANALYSIS = YES;
				CLANG_WARN_STRICT_PROTOTYPES = YES;
				CLANG_WARN_SUSPICIOUS_MOVE = YES;
				CLANG_WARN_UNGUARDED_AVAILABILITY = YES_AGGRESSIVE;
				CLANG_WARN_UNREACHABLE_CODE = YES;
				CLANG_WARN__DUPLICATE_METHOD_MATCH = YES;
				COPY_PHASE_STRIP = NO;
				DEBUG_INFORMATION_FORMAT = dwarf;
				ENABLE_STRICT_OBJC_MSGSEND = YES;
				ENABLE_TESTABILITY = YES;
				GCC_C_LANGUAGE_STANDARD = gnu11;
				GCC_DYNAMIC_NO_PIC = NO;
				GCC_NO_COMMON_BLOCKS = YES;
				GCC_OPTIMIZATION_LEVEL = 0;
				GCC_PREPROCESSOR_DEFINITIONS = (
					"DEBUG=1",
					"$(inherited)",
				);
				GCC_WARN_64_TO_32_BIT_CONVERSION = YES;
				GCC_WARN_ABOUT_RETURN_TYPE = YES_ERROR;
				GCC_WARN_UNDECLARED_SELECTOR = YES;
				GCC_WARN_UNINITIALIZED_AUTOS = YES_AGGRESSIVE;
				GCC_WARN_UNUSED_FUNCTION = YES;
				GCC_WARN_UNUSED_VARIABLE = YES;
				IPHONEOS_DEPLOYMENT_TARGET = 14.1;
				MTL_ENABLE_DEBUG_INFO = INCLUDE_SOURCE;
				MTL_FAST_MATH = YES;
				ONLY_ACTIVE_ARCH = YES;
				SDKROOT = iphoneos;
				SWIFT_ACTIVE_COMPILATION_CONDITIONS = DEBUG;
				SWIFT_OPTIMIZATION_LEVEL = "-Onone";
			};
			name = Debug;
		};
		8402C87925581A8F0027E088 /* Release */ = {
			isa = XCBuildConfiguration;
			buildSettings = {
				ALWAYS_SEARCH_USER_PATHS = NO;
				CLANG_ANALYZER_NONNULL = YES;
				CLANG_ANALYZER_NUMBER_OBJECT_CONVERSION = YES_AGGRESSIVE;
				CLANG_CXX_LANGUAGE_STANDARD = "gnu++14";
				CLANG_CXX_LIBRARY = "libc++";
				CLANG_ENABLE_MODULES = YES;
				CLANG_ENABLE_OBJC_ARC = YES;
				CLANG_ENABLE_OBJC_WEAK = YES;
				CLANG_WARN_BLOCK_CAPTURE_AUTORELEASING = YES;
				CLANG_WARN_BOOL_CONVERSION = YES;
				CLANG_WARN_COMMA = YES;
				CLANG_WARN_CONSTANT_CONVERSION = YES;
				CLANG_WARN_DEPRECATED_OBJC_IMPLEMENTATIONS = YES;
				CLANG_WARN_DIRECT_OBJC_ISA_USAGE = YES_ERROR;
				CLANG_WARN_DOCUMENTATION_COMMENTS = YES;
				CLANG_WARN_EMPTY_BODY = YES;
				CLANG_WARN_ENUM_CONVERSION = YES;
				CLANG_WARN_INFINITE_RECURSION = YES;
				CLANG_WARN_INT_CONVERSION = YES;
				CLANG_WARN_NON_LITERAL_NULL_CONVERSION = YES;
				CLANG_WARN_OBJC_IMPLICIT_RETAIN_SELF = YES;
				CLANG_WARN_OBJC_LITERAL_CONVERSION = YES;
				CLANG_WARN_OBJC_ROOT_CLASS = YES_ERROR;
				CLANG_WARN_QUOTED_INCLUDE_IN_FRAMEWORK_HEADER = YES;
				CLANG_WARN_RANGE_LOOP_ANALYSIS = YES;
				CLANG_WARN_STRICT_PROTOTYPES = YES;
				CLANG_WARN_SUSPICIOUS_MOVE = YES;
				CLANG_WARN_UNGUARDED_AVAILABILITY = YES_AGGRESSIVE;
				CLANG_WARN_UNREACHABLE_CODE = YES;
				CLANG_WARN__DUPLICATE_METHOD_MATCH = YES;
				COPY_PHASE_STRIP = NO;
				DEBUG_INFORMATION_FORMAT = "dwarf-with-dsym";
				ENABLE_NS_ASSERTIONS = NO;
				ENABLE_STRICT_OBJC_MSGSEND = YES;
				GCC_C_LANGUAGE_STANDARD = gnu11;
				GCC_NO_COMMON_BLOCKS = YES;
				GCC_WARN_64_TO_32_BIT_CONVERSION = YES;
				GCC_WARN_ABOUT_RETURN_TYPE = YES_ERROR;
				GCC_WARN_UNDECLARED_SELECTOR = YES;
				GCC_WARN_UNINITIALIZED_AUTOS = YES_AGGRESSIVE;
				GCC_WARN_UNUSED_FUNCTION = YES;
				GCC_WARN_UNUSED_VARIABLE = YES;
				IPHONEOS_DEPLOYMENT_TARGET = 14.1;
				MTL_ENABLE_DEBUG_INFO = NO;
				MTL_FAST_MATH = YES;
				SDKROOT = iphoneos;
				SWIFT_COMPILATION_MODE = wholemodule;
				SWIFT_OPTIMIZATION_LEVEL = "-O";
				VALIDATE_PRODUCT = YES;
			};
			name = Release;
		};
		8402C87B25581A8F0027E088 /* Debug */ = {
			isa = XCBuildConfiguration;
			baseConfigurationReference = A9F284C021E9B2D4AFBCC9BE /* Pods-Levchuk06.debug.xcconfig */;
			buildSettings = {
				ASSETCATALOG_COMPILER_APPICON_NAME = AppIcon;
				ASSETCATALOG_COMPILER_GLOBAL_ACCENT_COLOR_NAME = AccentColor;
				CODE_SIGN_STYLE = Automatic;
				DEVELOPMENT_TEAM = 7W3R66UR5B;
				INFOPLIST_FILE = Levchuk06/Info.plist;
				LD_RUNPATH_SEARCH_PATHS = (
					"$(inherited)",
					"@executable_path/Frameworks",
				);
				PRODUCT_BUNDLE_IDENTIFIER = Voldemars.Levchuk06;
				PRODUCT_NAME = "$(TARGET_NAME)";
				SWIFT_VERSION = 5.0;
				TARGETED_DEVICE_FAMILY = 1;
			};
			name = Debug;
		};
		8402C87C25581A8F0027E088 /* Release */ = {
			isa = XCBuildConfiguration;
			baseConfigurationReference = A4E7B17F63E824693E48BBDD /* Pods-Levchuk06.release.xcconfig */;
			buildSettings = {
				ASSETCATALOG_COMPILER_APPICON_NAME = AppIcon;
				ASSETCATALOG_COMPILER_GLOBAL_ACCENT_COLOR_NAME = AccentColor;
				CODE_SIGN_STYLE = Automatic;
				DEVELOPMENT_TEAM = 7W3R66UR5B;
				INFOPLIST_FILE = Levchuk06/Info.plist;
				LD_RUNPATH_SEARCH_PATHS = (
					"$(inherited)",
					"@executable_path/Frameworks",
				);
				PRODUCT_BUNDLE_IDENTIFIER = Voldemars.Levchuk06;
				PRODUCT_NAME = "$(TARGET_NAME)";
				SWIFT_VERSION = 5.0;
				TARGETED_DEVICE_FAMILY = 1;
			};
			name = Release;
		};
		8402C87E25581A8F0027E088 /* Debug */ = {
			isa = XCBuildConfiguration;
			baseConfigurationReference = C7D38C1E14120139DB15D407 /* Pods-Levchuk06Tests.debug.xcconfig */;
			buildSettings = {
				ALWAYS_EMBED_SWIFT_STANDARD_LIBRARIES = YES;
				BUNDLE_LOADER = "$(TEST_HOST)";
				CODE_SIGN_STYLE = Automatic;
				INFOPLIST_FILE = Levchuk06Tests/Info.plist;
				IPHONEOS_DEPLOYMENT_TARGET = 14.1;
				LD_RUNPATH_SEARCH_PATHS = (
					"$(inherited)",
					"@executable_path/Frameworks",
					"@loader_path/Frameworks",
				);
				PRODUCT_BUNDLE_IDENTIFIER = Voldemars.Levchuk06Tests;
				PRODUCT_NAME = "$(TARGET_NAME)";
				SWIFT_VERSION = 5.0;
				TARGETED_DEVICE_FAMILY = "1,2";
				TEST_HOST = "$(BUILT_PRODUCTS_DIR)/Levchuk06.app/Levchuk06";
			};
			name = Debug;
		};
		8402C87F25581A8F0027E088 /* Release */ = {
			isa = XCBuildConfiguration;
			baseConfigurationReference = 2B6389ABE8F95EFAF4D26029 /* Pods-Levchuk06Tests.release.xcconfig */;
			buildSettings = {
				ALWAYS_EMBED_SWIFT_STANDARD_LIBRARIES = YES;
				BUNDLE_LOADER = "$(TEST_HOST)";
				CODE_SIGN_STYLE = Automatic;
				INFOPLIST_FILE = Levchuk06Tests/Info.plist;
				IPHONEOS_DEPLOYMENT_TARGET = 14.1;
				LD_RUNPATH_SEARCH_PATHS = (
					"$(inherited)",
					"@executable_path/Frameworks",
					"@loader_path/Frameworks",
				);
				PRODUCT_BUNDLE_IDENTIFIER = Voldemars.Levchuk06Tests;
				PRODUCT_NAME = "$(TARGET_NAME)";
				SWIFT_VERSION = 5.0;
				TARGETED_DEVICE_FAMILY = "1,2";
				TEST_HOST = "$(BUILT_PRODUCTS_DIR)/Levchuk06.app/Levchuk06";
			};
			name = Release;
		};
		8402C88125581A8F0027E088 /* Debug */ = {
			isa = XCBuildConfiguration;
			baseConfigurationReference = 7FEF9705EB22E81392AC3CB1 /* Pods-Levchuk06-Levchuk06UITests.debug.xcconfig */;
			buildSettings = {
				ALWAYS_EMBED_SWIFT_STANDARD_LIBRARIES = YES;
				CODE_SIGN_STYLE = Automatic;
				INFOPLIST_FILE = Levchuk06UITests/Info.plist;
				LD_RUNPATH_SEARCH_PATHS = (
					"$(inherited)",
					"@executable_path/Frameworks",
					"@loader_path/Frameworks",
				);
				PRODUCT_BUNDLE_IDENTIFIER = Voldemars.Levchuk06UITests;
				PRODUCT_NAME = "$(TARGET_NAME)";
				SWIFT_VERSION = 5.0;
				TARGETED_DEVICE_FAMILY = "1,2";
				TEST_TARGET_NAME = Levchuk06;
			};
			name = Debug;
		};
		8402C88225581A8F0027E088 /* Release */ = {
			isa = XCBuildConfiguration;
			baseConfigurationReference = 128BBB241AFAD2A6F58D58F6 /* Pods-Levchuk06-Levchuk06UITests.release.xcconfig */;
			buildSettings = {
				ALWAYS_EMBED_SWIFT_STANDARD_LIBRARIES = YES;
				CODE_SIGN_STYLE = Automatic;
				INFOPLIST_FILE = Levchuk06UITests/Info.plist;
				LD_RUNPATH_SEARCH_PATHS = (
					"$(inherited)",
					"@executable_path/Frameworks",
					"@loader_path/Frameworks",
				);
				PRODUCT_BUNDLE_IDENTIFIER = Voldemars.Levchuk06UITests;
				PRODUCT_NAME = "$(TARGET_NAME)";
				SWIFT_VERSION = 5.0;
				TARGETED_DEVICE_FAMILY = "1,2";
				TEST_TARGET_NAME = Levchuk06;
			};
			name = Release;
		};
/* End XCBuildConfiguration section */

/* Begin XCConfigurationList section */
		8402C84B25581A7F0027E088 /* Build configuration list for PBXProject "Levchuk06" */ = {
			isa = XCConfigurationList;
			buildConfigurations = (
				8402C87825581A8F0027E088 /* Debug */,
				8402C87925581A8F0027E088 /* Release */,
			);
			defaultConfigurationIsVisible = 0;
			defaultConfigurationName = Release;
		};
		8402C87A25581A8F0027E088 /* Build configuration list for PBXNativeTarget "Levchuk06" */ = {
			isa = XCConfigurationList;
			buildConfigurations = (
				8402C87B25581A8F0027E088 /* Debug */,
				8402C87C25581A8F0027E088 /* Release */,
			);
			defaultConfigurationIsVisible = 0;
			defaultConfigurationName = Release;
		};
		8402C87D25581A8F0027E088 /* Build configuration list for PBXNativeTarget "Levchuk06Tests" */ = {
			isa = XCConfigurationList;
			buildConfigurations = (
				8402C87E25581A8F0027E088 /* Debug */,
				8402C87F25581A8F0027E088 /* Release */,
			);
			defaultConfigurationIsVisible = 0;
			defaultConfigurationName = Release;
		};
		8402C88025581A8F0027E088 /* Build configuration list for PBXNativeTarget "Levchuk06UITests" */ = {
			isa = XCConfigurationList;
			buildConfigurations = (
				8402C88125581A8F0027E088 /* Debug */,
				8402C88225581A8F0027E088 /* Release */,
			);
			defaultConfigurationIsVisible = 0;
			defaultConfigurationName = Release;
		};
/* End XCConfigurationList section */
	};
	rootObject = 8402C84825581A7F0027E088 /* Project object */;
}
